
Microsoft Visual Studio Solution File, Format Version 12.00
# Visual Studio Version 16
VisualStudioVersion = 16.0.30804.86
MinimumVisualStudioVersion = 10.0.40219.1
Project("{FAE04EC0-301F-11D3-BF4B-00C04F79EFBC}") = "th6", "th6\th6.csproj", "{E40C2424-874C-48FF-B973-DCB066DA04CB}"
EndProject
Global
	GlobalSection(SolutionConfigurationPlatforms) = preSolution
		Debug|Any CPU = Debug|Any CPU
		Release|Any CPU = Release|Any CPU
	EndGlobalSection
	GlobalSection(ProjectConfigurationPlatforms) = postSolution
		{E40C2424-874C-48FF-B973-DCB066DA04CB}.Debug|Any CPU.ActiveCfg = Debug|Any CPU
		{E40C2424-874C-48FF-B973-DCB066DA04CB}.Debug|Any CPU.Build.0 = Debug|Any CPU
		{E40C2424-874C-48FF-B973-DCB066DA04CB}.Release|Any CPU.ActiveCfg = Release|Any CPU
		{E40C2424-874C-48FF-B973-DCB066DA04CB}.Release|Any CPU.Build.0 = Release|Any CPU
	EndGlobalSection
	GlobalSection(SolutionProperties) = preSolution
		HideSolutionNode = FALSE
	EndGlobalSection
	GlobalSection(ExtensibilityGlobals) = postSolution
		SolutionGuid = {ACC01CE2-DA45-4729-B5B3-86FE092C09AB}
	EndGlobalSection
EndGlobal
